
Microsoft Visual Studio Solution File, Format Version 12.00
Project("{2150E333-8FDC-42A3-9474-1A3956D46DE8}") = "Sales", "Sales", "{B442AF5F-B127-45EF-B835-714A187D3F0A}"
	ProjectSection(SolutionItems) = preProject
		Sources\Sales\SalesDomainModelInfo.json = Sources\Sales\SalesDomainModelInfo.json
	EndProjectSection
EndProject
Project("{2150E333-8FDC-42A3-9474-1A3956D46DE8}") = "Contacts", "Contacts", "{6114F446-78E7-49DC-BA34-C9904FE7838B}"
EndProject
Project("{FAE04EC0-301F-11D3-BF4B-00C04F79EFBC}") = "Contacts", "Sources\Contacts\Contacts\Contacts.csproj", "{9DE86BB4-7D8E-4997-BDCE-C5E7E30968AF}"
EndProject
Project("{FAE04EC0-301F-11D3-BF4B-00C04F79EFBC}") = "Monolith.Startup", "Sources\Monolith.Startup\Monolith.Startup.csproj", "{B064C8A6-79AB-4B7B-98A6-A5F15635ED8D}"
EndProject
Project("{FAE04EC0-301F-11D3-BF4B-00C04F79EFBC}") = "Sales.RestApi", "Sources\Sales\Sales.RestApi\Sales.RestApi.csproj", "{E7E66DCC-7D68-4900-B09D-DE06E89DA534}"
EndProject
Project("{FAE04EC0-301F-11D3-BF4B-00C04F79EFBC}") = "Sales.Adapters", "Sources\Sales\Sales.Adapters\Sales.Adapters.csproj", "{0F36E2E3-EEFC-4C74-88DF-AA281238F768}"
EndProject
Project("{FAE04EC0-301F-11D3-BF4B-00C04F79EFBC}") = "Sales.ProcessModel", "Sources\Sales\Sales.ProcessModel\Sales.ProcessModel.csproj", "{EA9ECA12-F038-4437-8D08-34A61DC2DE50}"
EndProject
Project("{FAE04EC0-301F-11D3-BF4B-00C04F79EFBC}") = "Sales.DeepModel", "Sources\Sales\Sales.DeepModel\Sales.DeepModel.csproj", "{88560531-4322-49A6-BE34-91D70CF8CE5C}"
EndProject
Project("{2150E333-8FDC-42A3-9474-1A3956D46DE8}") = "TechnicalStuff", "TechnicalStuff", "{E9167F5F-E45B-4ABD-ACCD-89E3514BB0AA}"
EndProject
Project("{FAE04EC0-301F-11D3-BF4B-00C04F79EFBC}") = "TechnicalStuff", "Sources\TechnicalStuff\TechnicalStuff\TechnicalStuff.csproj", "{CD120717-6AF0-4A13-A62F-9B86F23DD408}"
EndProject
Project("{FAE04EC0-301F-11D3-BF4B-00C04F79EFBC}") = "Sales.DeepModel.Tests", "Sources\Sales\Sales.DeepModel.Tests\Sales.DeepModel.Tests.csproj", "{AD0D919C-8499-46A7-869E-EEB6456C6BA9}"
EndProject
Project("{FAE04EC0-301F-11D3-BF4B-00C04F79EFBC}") = "Sales.ProcessModel.Tests", "Sources\Sales\Sales.ProcessModel.Tests\Sales.ProcessModel.Tests.csproj", "{44B45E96-A286-44DC-A2F7-0E213005BDBF}"
EndProject
Project("{FAE04EC0-301F-11D3-BF4B-00C04F79EFBC}") = "TechnicalStuff.Crud", "Sources\TechnicalStuff\TechnicalStuff.Crud\TechnicalStuff.Crud.csproj", "{7366E7E8-283D-4772-9807-BDC55917B9F3}"
EndProject
Project("{2150E333-8FDC-42A3-9474-1A3956D46DE8}") = "Sources", "Sources", "{109EBFC9-4414-4331-AD7B-5C19A87CBF8B}"
	ProjectSection(SolutionItems) = preProject
		Sources\DomainVisionStatement.md = Sources\DomainVisionStatement.md
	EndProjectSection
EndProject
Project("{2150E333-8FDC-42A3-9474-1A3956D46DE8}") = "Build", "Build", "{2F88D996-6A05-4BE0-A064-F7748E584090}"
EndProject
Project("{9A19103F-16F7-4668-BE54-9A1E7A4F7556}") = "Nuke", "Build\Nuke\Nuke.csproj", "{F98F4F5C-DDF2-4756-A5EA-715DE0D22402}"
EndProject
Project("{FAE04EC0-301F-11D3-BF4B-00C04F79EFBC}") = "Nuke.DockerCompose", "Build\Nuke.DockerCompose\Nuke.DockerCompose.csproj", "{C751FBCB-B7AE-4ECE-BEDE-4A6600EC77D0}"
EndProject
Project("{FAE04EC0-301F-11D3-BF4B-00C04F79EFBC}") = "Sales.IntegrationTests", "Sources\Sales\Sales.IntegrationTests\Sales.IntegrationTests.csproj", "{4B8223B4-1F0C-444C-88CE-B181D8277ACE}"
EndProject
Project("{FAE04EC0-301F-11D3-BF4B-00C04F79EFBC}") = "TechnicalStuff.Marten", "Sources\TechnicalStuff\TechnicalStuff.Marten\TechnicalStuff.Marten.csproj", "{E5526B10-65CB-4619-A5C3-4C29A86D76A9}"
EndProject
Project("{FAE04EC0-301F-11D3-BF4B-00C04F79EFBC}") = "TechnicalStuff.Transactions", "Sources\TechnicalStuff\TechnicalStuff.Transactions\TechnicalStuff.Transactions.csproj", "{9FF8E353-1ACC-407A-A9B8-55183261A8C8}"
EndProject
Project("{FAE04EC0-301F-11D3-BF4B-00C04F79EFBC}") = "TechnicalStuff.ProcessModel", "Sources\TechnicalStuff\TechnicalStuff.ProcessModel\TechnicalStuff.ProcessModel.csproj", "{85E951AA-5333-4181-B5B1-305050405BFE}"
EndProject
Project("{FAE04EC0-301F-11D3-BF4B-00C04F79EFBC}") = "TechnicalStuff.Kafka", "Sources\TechnicalStuff\TechnicalStuff.Kafka\TechnicalStuff.Kafka.csproj", "{E033439A-DE1C-46D1-A33B-FBFA71812901}"
EndProject
Project("{FAE04EC0-301F-11D3-BF4B-00C04F79EFBC}") = "TechnicalStuff.Outbox.Kafka", "Sources\TechnicalStuff\TechnicalStuff.Outbox.Kafka\TechnicalStuff.Outbox.Kafka.csproj", "{D014CF07-21C0-4783-B8BE-A2153289215A}"
EndProject
Project("{FAE04EC0-301F-11D3-BF4B-00C04F79EFBC}") = "TechnicalStuff.Api", "Sources\TechnicalStuff\TechnicalStuff.Api\TechnicalStuff.Api.csproj", "{63F7927D-D6F2-43EF-9E41-1C70C6911434}"
EndProject
Project("{2150E333-8FDC-42A3-9474-1A3956D46DE8}") = "Tests", "Tests", "{5FBC2CAC-E39A-4899-9CC1-94EF0712BDAE}"
EndProject
Project("{FAE04EC0-301F-11D3-BF4B-00C04F79EFBC}") = "TechnicalStuff.Crud.Ef", "Sources\TechnicalStuff\TechnicalStuff.Crud.Ef\TechnicalStuff.Crud.Ef.csproj", "{F453B007-94DB-4F0B-B598-93D50B077C8F}"
EndProject
Project("{FAE04EC0-301F-11D3-BF4B-00C04F79EFBC}") = "TechnicalStuff.Crud.Api", "Sources\TechnicalStuff\TechnicalStuff.Crud.Api\TechnicalStuff.Crud.Api.csproj", "{971A1F55-C6D6-456C-A19A-772182DCE97F}"
EndProject
Project("{FAE04EC0-301F-11D3-BF4B-00C04F79EFBC}") = "TechnicalStuff.Outbox", "Sources\TechnicalStuff\TechnicalStuff.Outbox\TechnicalStuff.Outbox.csproj", "{529DB367-5C6D-4103-B0B5-9D540E84F88B}"
EndProject
Project("{FAE04EC0-301F-11D3-BF4B-00C04F79EFBC}") = "TechnicalStuff.Outbox.Postgres", "Sources\TechnicalStuff\TechnicalStuff.Outbox.Postgres\TechnicalStuff.Outbox.Postgres.csproj", "{077E8C19-C1A4-4073-9BE8-4EE3701B3504}"
EndProject
Project("{FAE04EC0-301F-11D3-BF4B-00C04F79EFBC}") = "TechnicalStuff.Postgres", "Sources\TechnicalStuff\TechnicalStuff.Postgres\TechnicalStuff.Postgres.csproj", "{CB589043-28B4-46FB-9BC3-3591D9FF8C6D}"
EndProject
Project("{2150E333-8FDC-42A3-9474-1A3956D46DE8}") = "Payments", "Payments", "{BFB7ABD8-A1AC-41A9-B40B-C2F9389ABAF0}"
	ProjectSection(SolutionItems) = preProject
		Sources\Payments\PaymentModelInfo.json = Sources\Payments\PaymentModelInfo.json
	EndProjectSection
EndProject
Project("{2150E333-8FDC-42A3-9474-1A3956D46DE8}") = "RiskManagement", "RiskManagement", "{B132FA8E-B99A-420A-919D-5DA77555517C}"
	ProjectSection(SolutionItems) = preProject
		Sources\RiskManagement\RiskManagementModelInfo.json = Sources\RiskManagement\RiskManagementModelInfo.json
	EndProjectSection
EndProject
Project("{2150E333-8FDC-42A3-9474-1A3956D46DE8}") = "ProductsDelivery", "ProductsDelivery", "{A1B88082-6C3F-4A8E-89E7-ABFD08A5A89E}"
	ProjectSection(SolutionItems) = preProject
		Sources\ProductsDelivery\ProductsDeliveryModelInfo.json = Sources\ProductsDelivery\ProductsDeliveryModelInfo.json
	EndProjectSection
EndProject
Project("{FAE04EC0-301F-11D3-BF4B-00C04F79EFBC}") = "Payments.ProcessModel", "Sources\Payments\Payments.ProcessModel\Payments.ProcessModel.csproj", "{F0906A93-243B-4BD0-A10F-FD6975F7DF10}"
EndProject
Project("{FAE04EC0-301F-11D3-BF4B-00C04F79EFBC}") = "ProductsDelivery.ProcessModel", "Sources\ProductsDelivery\ProductsDelivery.ProcessModel\ProductsDelivery.ProcessModel.csproj", "{BB564CD2-68E0-4479-8DB1-4BA49901F25E}"
EndProject
Project("{FAE04EC0-301F-11D3-BF4B-00C04F79EFBC}") = "RiskManagement.ProcessModel", "Sources\RiskManagement\RiskManagement.ProcessModel\RiskManagement.ProcessModel.csproj", "{005314CE-7AE5-422D-A90C-E2A4A9F29B02}"
EndProject
Project("{FAE04EC0-301F-11D3-BF4B-00C04F79EFBC}") = "TechnicalStuff.Outbox.Quartz", "Sources\TechnicalStuff\TechnicalStuff.Outbox.Quartz\TechnicalStuff.Outbox.Quartz.csproj", "{22B5AF7D-F6EC-47E1-8255-E17381AEF6F9}"
EndProject
Project("{FAE04EC0-301F-11D3-BF4B-00C04F79EFBC}") = "TechnicalStuff.Ef", "Sources\TechnicalStuff\TechnicalStuff.Ef\TechnicalStuff.Ef.csproj", "{81865144-6255-4828-B920-C494990E1380}"
EndProject
Project("{FAE04EC0-301F-11D3-BF4B-00C04F79EFBC}") = "TechnicalStuff.Json", "Sources\TechnicalStuff\TechnicalStuff.Json\TechnicalStuff.Json.csproj", "{D03CF004-F9F0-4EA4-9DF8-7C5F0F5EEE85}"
EndProject
Project("{FAE04EC0-301F-11D3-BF4B-00C04F79EFBC}") = "Sales.FluentMigrations", "Sources\Sales\Sales.FluentMigrations\Sales.FluentMigrations.csproj", "{E14C64C4-1972-49B4-AEF6-1B826B7E0E1C}"
EndProject
Project("{FAE04EC0-301F-11D3-BF4B-00C04F79EFBC}") = "TechnicalStuff.Persistence", "Sources\TechnicalStuff\TechnicalStuff.Persistence\TechnicalStuff.Persistence.csproj", "{7C31A913-87D2-4A03-A6B4-B6578882DDA1}"
EndProject
Project("{FAE04EC0-301F-11D3-BF4B-00C04F79EFBC}") = "TechnicalStuff.Persistence.RepoDb", "Sources\TechnicalStuff\TechnicalStuff.Persistence.RepoDb\TechnicalStuff.Persistence.RepoDb.csproj", "{767884F2-2324-4E58-BD44-210B6D339AC8}"
EndProject
Project("{2150E333-8FDC-42A3-9474-1A3956D46DE8}") = "Docs", "Docs", "{06CB1825-10C4-4DF7-9C56-48CC517A1CCA}"
EndProject
Project("{2150E333-8FDC-42A3-9474-1A3956D46DE8}") = "P3", "P3", "{E31C0FA9-D27C-4FD7-87EA-2DD622F84FB0}"
EndProject
Project("{FAE04EC0-301F-11D3-BF4B-00C04F79EFBC}") = "DocsGenerator", "Docs\P3\DocsGenerator\DocsGenerator.csproj", "{E881ACB1-F271-4CD8-B01D-4378E256CD6C}"
EndProject
Project("{2150E333-8FDC-42A3-9474-1A3956D46DE8}") = "Search", "Search", "{77FDB1B2-4CDF-4787-AE38-5090B9101CE5}"
	ProjectSection(SolutionItems) = preProject
		Sources\Search\SearchModelInfo.json = Sources\Search\SearchModelInfo.json
	EndProjectSection
EndProject
Project("{FAE04EC0-301F-11D3-BF4B-00C04F79EFBC}") = "Search.Startup", "Sources\Search.Startup\Search.Startup.csproj", "{76F474F0-ABF9-45ED-B4DA-52411E5B7D2B}"
EndProject
Project("{FAE04EC0-301F-11D3-BF4B-00C04F79EFBC}") = "Search.Api", "Sources\Search\Search.Api\Search.Api.csproj", "{A790A9C0-9557-4B01-80C4-3B8127E96C85}"
EndProject
Project("{FAE04EC0-301F-11D3-BF4B-00C04F79EFBC}") = "Search.Infrastructure", "Sources\Search\Search.Infrastructure\Search.Infrastructure.csproj", "{248E00B3-D637-46A0-9A34-50C0B9B15E5E}"
EndProject
Project("{FAE04EC0-301F-11D3-BF4B-00C04F79EFBC}") = "Payments.DeepModel", "Sources\Payments\Payments.DeepModel\Payments.DeepModel.csproj", "{9ACFD89D-1617-4BE5-99CB-0D29F14B1E6D}"
EndProject
Project("{FAE04EC0-301F-11D3-BF4B-00C04F79EFBC}") = "Payments.Adapters.Api", "Sources\Payments\Payments.Adapters.Api\Payments.Adapters.Api.csproj", "{41D6FB86-BB30-4BA0-B571-4FC5F7461BD3}"
EndProject
Project("{FAE04EC0-301F-11D3-BF4B-00C04F79EFBC}") = "Payments.Adapters.Out", "Sources\Payments\Payments.Adapters.Out\Payments.Adapters.Out.csproj", "{0EF67E99-4BF5-40FA-A6D6-DAA6EC8DA8E7}"
EndProject
Project("{FAE04EC0-301F-11D3-BF4B-00C04F79EFBC}") = "RiskManagement.DeepModel", "Sources\RiskManagement\RiskManagement.DeepModel\RiskManagement.DeepModel.csproj", "{9D3F8A61-7FA6-4D05-9FBB-7F2ECFA5669A}"
EndProject
Project("{FAE04EC0-301F-11D3-BF4B-00C04F79EFBC}") = "RiskManagement.Adapters.Api", "Sources\RiskManagement\RiskManagement.Adapters.Api\RiskManagement.Adapters.Api.csproj", "{E75D22ED-2FB4-440B-A343-F697A6D7324B}"
EndProject
Project("{FAE04EC0-301F-11D3-BF4B-00C04F79EFBC}") = "RiskManagement.Adapters.Out", "Sources\RiskManagement\RiskManagement.Adapters.Out\RiskManagement.Adapters.Out.csproj", "{7157262D-FECB-4802-BF55-9629A1D17EC2}"
EndProject
Project("{FAE04EC0-301F-11D3-BF4B-00C04F79EFBC}") = "ProductsDelivery.Adapters.Api", "Sources\ProductsDelivery\ProductsDelivery.Adapters.Api\ProductsDelivery.Adapters.Api.csproj", "{ECDB0505-6712-485E-8983-A20E1EF99239}"
EndProject
Project("{FAE04EC0-301F-11D3-BF4B-00C04F79EFBC}") = "ProductsDelivery.Adapters.Out", "Sources\ProductsDelivery\ProductsDelivery.Adapters.Out\ProductsDelivery.Adapters.Out.csproj", "{FE6E23DC-151B-4D55-BAD5-B97C561ED973}"
EndProject
Project("{FAE04EC0-301F-11D3-BF4B-00C04F79EFBC}") = "ProductsDelivery.DeepModel", "Sources\ProductsDelivery\ProductsDelivery.DeepModel\ProductsDelivery.DeepModel.csproj", "{2EF68AE3-819E-4FE4-8364-CD54375C2A9A}"
EndProject
Global
	GlobalSection(SolutionConfigurationPlatforms) = preSolution
		Debug|Any CPU = Debug|Any CPU
		Release|Any CPU = Release|Any CPU
	EndGlobalSection
	GlobalSection(ProjectConfigurationPlatforms) = postSolution
		{F98F4F5C-DDF2-4756-A5EA-715DE0D22402}.Debug|Any CPU.ActiveCfg = Debug|Any CPU
		{F98F4F5C-DDF2-4756-A5EA-715DE0D22402}.Release|Any CPU.ActiveCfg = Release|Any CPU
		{9DE86BB4-7D8E-4997-BDCE-C5E7E30968AF}.Debug|Any CPU.ActiveCfg = Debug|Any CPU
		{9DE86BB4-7D8E-4997-BDCE-C5E7E30968AF}.Debug|Any CPU.Build.0 = Debug|Any CPU
		{9DE86BB4-7D8E-4997-BDCE-C5E7E30968AF}.Release|Any CPU.ActiveCfg = Release|Any CPU
		{9DE86BB4-7D8E-4997-BDCE-C5E7E30968AF}.Release|Any CPU.Build.0 = Release|Any CPU
		{B064C8A6-79AB-4B7B-98A6-A5F15635ED8D}.Debug|Any CPU.ActiveCfg = Debug|Any CPU
		{B064C8A6-79AB-4B7B-98A6-A5F15635ED8D}.Debug|Any CPU.Build.0 = Debug|Any CPU
		{B064C8A6-79AB-4B7B-98A6-A5F15635ED8D}.Release|Any CPU.ActiveCfg = Release|Any CPU
		{B064C8A6-79AB-4B7B-98A6-A5F15635ED8D}.Release|Any CPU.Build.0 = Release|Any CPU
		{E7E66DCC-7D68-4900-B09D-DE06E89DA534}.Debug|Any CPU.ActiveCfg = Debug|Any CPU
		{E7E66DCC-7D68-4900-B09D-DE06E89DA534}.Debug|Any CPU.Build.0 = Debug|Any CPU
		{E7E66DCC-7D68-4900-B09D-DE06E89DA534}.Release|Any CPU.ActiveCfg = Release|Any CPU
		{E7E66DCC-7D68-4900-B09D-DE06E89DA534}.Release|Any CPU.Build.0 = Release|Any CPU
		{0F36E2E3-EEFC-4C74-88DF-AA281238F768}.Debug|Any CPU.ActiveCfg = Debug|Any CPU
		{0F36E2E3-EEFC-4C74-88DF-AA281238F768}.Debug|Any CPU.Build.0 = Debug|Any CPU
		{0F36E2E3-EEFC-4C74-88DF-AA281238F768}.Release|Any CPU.ActiveCfg = Release|Any CPU
		{0F36E2E3-EEFC-4C74-88DF-AA281238F768}.Release|Any CPU.Build.0 = Release|Any CPU
		{EA9ECA12-F038-4437-8D08-34A61DC2DE50}.Debug|Any CPU.ActiveCfg = Debug|Any CPU
		{EA9ECA12-F038-4437-8D08-34A61DC2DE50}.Debug|Any CPU.Build.0 = Debug|Any CPU
		{EA9ECA12-F038-4437-8D08-34A61DC2DE50}.Release|Any CPU.ActiveCfg = Release|Any CPU
		{EA9ECA12-F038-4437-8D08-34A61DC2DE50}.Release|Any CPU.Build.0 = Release|Any CPU
		{88560531-4322-49A6-BE34-91D70CF8CE5C}.Debug|Any CPU.ActiveCfg = Debug|Any CPU
		{88560531-4322-49A6-BE34-91D70CF8CE5C}.Debug|Any CPU.Build.0 = Debug|Any CPU
		{88560531-4322-49A6-BE34-91D70CF8CE5C}.Release|Any CPU.ActiveCfg = Release|Any CPU
		{88560531-4322-49A6-BE34-91D70CF8CE5C}.Release|Any CPU.Build.0 = Release|Any CPU
		{CD120717-6AF0-4A13-A62F-9B86F23DD408}.Debug|Any CPU.ActiveCfg = Debug|Any CPU
		{CD120717-6AF0-4A13-A62F-9B86F23DD408}.Debug|Any CPU.Build.0 = Debug|Any CPU
		{CD120717-6AF0-4A13-A62F-9B86F23DD408}.Release|Any CPU.ActiveCfg = Release|Any CPU
		{CD120717-6AF0-4A13-A62F-9B86F23DD408}.Release|Any CPU.Build.0 = Release|Any CPU
		{AD0D919C-8499-46A7-869E-EEB6456C6BA9}.Debug|Any CPU.ActiveCfg = Debug|Any CPU
		{AD0D919C-8499-46A7-869E-EEB6456C6BA9}.Debug|Any CPU.Build.0 = Debug|Any CPU
		{AD0D919C-8499-46A7-869E-EEB6456C6BA9}.Release|Any CPU.ActiveCfg = Release|Any CPU
		{AD0D919C-8499-46A7-869E-EEB6456C6BA9}.Release|Any CPU.Build.0 = Release|Any CPU
		{44B45E96-A286-44DC-A2F7-0E213005BDBF}.Debug|Any CPU.ActiveCfg = Debug|Any CPU
		{44B45E96-A286-44DC-A2F7-0E213005BDBF}.Debug|Any CPU.Build.0 = Debug|Any CPU
		{44B45E96-A286-44DC-A2F7-0E213005BDBF}.Release|Any CPU.ActiveCfg = Release|Any CPU
		{44B45E96-A286-44DC-A2F7-0E213005BDBF}.Release|Any CPU.Build.0 = Release|Any CPU
		{7366E7E8-283D-4772-9807-BDC55917B9F3}.Debug|Any CPU.ActiveCfg = Debug|Any CPU
		{7366E7E8-283D-4772-9807-BDC55917B9F3}.Debug|Any CPU.Build.0 = Debug|Any CPU
		{7366E7E8-283D-4772-9807-BDC55917B9F3}.Release|Any CPU.ActiveCfg = Release|Any CPU
		{7366E7E8-283D-4772-9807-BDC55917B9F3}.Release|Any CPU.Build.0 = Release|Any CPU
		{C751FBCB-B7AE-4ECE-BEDE-4A6600EC77D0}.Debug|Any CPU.ActiveCfg = Debug|Any CPU
		{C751FBCB-B7AE-4ECE-BEDE-4A6600EC77D0}.Debug|Any CPU.Build.0 = Debug|Any CPU
		{C751FBCB-B7AE-4ECE-BEDE-4A6600EC77D0}.Release|Any CPU.ActiveCfg = Release|Any CPU
		{C751FBCB-B7AE-4ECE-BEDE-4A6600EC77D0}.Release|Any CPU.Build.0 = Release|Any CPU
		{4B8223B4-1F0C-444C-88CE-B181D8277ACE}.Debug|Any CPU.ActiveCfg = Debug|Any CPU
		{4B8223B4-1F0C-444C-88CE-B181D8277ACE}.Debug|Any CPU.Build.0 = Debug|Any CPU
		{4B8223B4-1F0C-444C-88CE-B181D8277ACE}.Release|Any CPU.ActiveCfg = Release|Any CPU
		{4B8223B4-1F0C-444C-88CE-B181D8277ACE}.Release|Any CPU.Build.0 = Release|Any CPU
		{E5526B10-65CB-4619-A5C3-4C29A86D76A9}.Debug|Any CPU.ActiveCfg = Debug|Any CPU
		{E5526B10-65CB-4619-A5C3-4C29A86D76A9}.Debug|Any CPU.Build.0 = Debug|Any CPU
		{E5526B10-65CB-4619-A5C3-4C29A86D76A9}.Release|Any CPU.ActiveCfg = Release|Any CPU
		{E5526B10-65CB-4619-A5C3-4C29A86D76A9}.Release|Any CPU.Build.0 = Release|Any CPU
		{9FF8E353-1ACC-407A-A9B8-55183261A8C8}.Debug|Any CPU.ActiveCfg = Debug|Any CPU
		{9FF8E353-1ACC-407A-A9B8-55183261A8C8}.Debug|Any CPU.Build.0 = Debug|Any CPU
		{9FF8E353-1ACC-407A-A9B8-55183261A8C8}.Release|Any CPU.ActiveCfg = Release|Any CPU
		{9FF8E353-1ACC-407A-A9B8-55183261A8C8}.Release|Any CPU.Build.0 = Release|Any CPU
		{85E951AA-5333-4181-B5B1-305050405BFE}.Debug|Any CPU.ActiveCfg = Debug|Any CPU
		{85E951AA-5333-4181-B5B1-305050405BFE}.Debug|Any CPU.Build.0 = Debug|Any CPU
		{85E951AA-5333-4181-B5B1-305050405BFE}.Release|Any CPU.ActiveCfg = Release|Any CPU
		{85E951AA-5333-4181-B5B1-305050405BFE}.Release|Any CPU.Build.0 = Release|Any CPU
		{E033439A-DE1C-46D1-A33B-FBFA71812901}.Debug|Any CPU.ActiveCfg = Debug|Any CPU
		{E033439A-DE1C-46D1-A33B-FBFA71812901}.Debug|Any CPU.Build.0 = Debug|Any CPU
		{E033439A-DE1C-46D1-A33B-FBFA71812901}.Release|Any CPU.ActiveCfg = Release|Any CPU
		{E033439A-DE1C-46D1-A33B-FBFA71812901}.Release|Any CPU.Build.0 = Release|Any CPU
		{D014CF07-21C0-4783-B8BE-A2153289215A}.Debug|Any CPU.ActiveCfg = Debug|Any CPU
		{D014CF07-21C0-4783-B8BE-A2153289215A}.Debug|Any CPU.Build.0 = Debug|Any CPU
		{D014CF07-21C0-4783-B8BE-A2153289215A}.Release|Any CPU.ActiveCfg = Release|Any CPU
		{D014CF07-21C0-4783-B8BE-A2153289215A}.Release|Any CPU.Build.0 = Release|Any CPU
		{63F7927D-D6F2-43EF-9E41-1C70C6911434}.Debug|Any CPU.ActiveCfg = Debug|Any CPU
		{63F7927D-D6F2-43EF-9E41-1C70C6911434}.Debug|Any CPU.Build.0 = Debug|Any CPU
		{63F7927D-D6F2-43EF-9E41-1C70C6911434}.Release|Any CPU.ActiveCfg = Release|Any CPU
		{63F7927D-D6F2-43EF-9E41-1C70C6911434}.Release|Any CPU.Build.0 = Release|Any CPU
		{F453B007-94DB-4F0B-B598-93D50B077C8F}.Debug|Any CPU.ActiveCfg = Debug|Any CPU
		{F453B007-94DB-4F0B-B598-93D50B077C8F}.Debug|Any CPU.Build.0 = Debug|Any CPU
		{F453B007-94DB-4F0B-B598-93D50B077C8F}.Release|Any CPU.ActiveCfg = Release|Any CPU
		{F453B007-94DB-4F0B-B598-93D50B077C8F}.Release|Any CPU.Build.0 = Release|Any CPU
		{971A1F55-C6D6-456C-A19A-772182DCE97F}.Debug|Any CPU.ActiveCfg = Debug|Any CPU
		{971A1F55-C6D6-456C-A19A-772182DCE97F}.Debug|Any CPU.Build.0 = Debug|Any CPU
		{971A1F55-C6D6-456C-A19A-772182DCE97F}.Release|Any CPU.ActiveCfg = Release|Any CPU
		{971A1F55-C6D6-456C-A19A-772182DCE97F}.Release|Any CPU.Build.0 = Release|Any CPU
		{529DB367-5C6D-4103-B0B5-9D540E84F88B}.Debug|Any CPU.ActiveCfg = Debug|Any CPU
		{529DB367-5C6D-4103-B0B5-9D540E84F88B}.Debug|Any CPU.Build.0 = Debug|Any CPU
		{529DB367-5C6D-4103-B0B5-9D540E84F88B}.Release|Any CPU.ActiveCfg = Release|Any CPU
		{529DB367-5C6D-4103-B0B5-9D540E84F88B}.Release|Any CPU.Build.0 = Release|Any CPU
		{077E8C19-C1A4-4073-9BE8-4EE3701B3504}.Debug|Any CPU.ActiveCfg = Debug|Any CPU
		{077E8C19-C1A4-4073-9BE8-4EE3701B3504}.Debug|Any CPU.Build.0 = Debug|Any CPU
		{077E8C19-C1A4-4073-9BE8-4EE3701B3504}.Release|Any CPU.ActiveCfg = Release|Any CPU
		{077E8C19-C1A4-4073-9BE8-4EE3701B3504}.Release|Any CPU.Build.0 = Release|Any CPU
		{CB589043-28B4-46FB-9BC3-3591D9FF8C6D}.Debug|Any CPU.ActiveCfg = Debug|Any CPU
		{CB589043-28B4-46FB-9BC3-3591D9FF8C6D}.Debug|Any CPU.Build.0 = Debug|Any CPU
		{CB589043-28B4-46FB-9BC3-3591D9FF8C6D}.Release|Any CPU.ActiveCfg = Release|Any CPU
		{CB589043-28B4-46FB-9BC3-3591D9FF8C6D}.Release|Any CPU.Build.0 = Release|Any CPU
		{F0906A93-243B-4BD0-A10F-FD6975F7DF10}.Debug|Any CPU.ActiveCfg = Debug|Any CPU
		{F0906A93-243B-4BD0-A10F-FD6975F7DF10}.Debug|Any CPU.Build.0 = Debug|Any CPU
		{F0906A93-243B-4BD0-A10F-FD6975F7DF10}.Release|Any CPU.ActiveCfg = Release|Any CPU
		{F0906A93-243B-4BD0-A10F-FD6975F7DF10}.Release|Any CPU.Build.0 = Release|Any CPU
		{BB564CD2-68E0-4479-8DB1-4BA49901F25E}.Debug|Any CPU.ActiveCfg = Debug|Any CPU
		{BB564CD2-68E0-4479-8DB1-4BA49901F25E}.Debug|Any CPU.Build.0 = Debug|Any CPU
		{BB564CD2-68E0-4479-8DB1-4BA49901F25E}.Release|Any CPU.ActiveCfg = Release|Any CPU
		{BB564CD2-68E0-4479-8DB1-4BA49901F25E}.Release|Any CPU.Build.0 = Release|Any CPU
		{005314CE-7AE5-422D-A90C-E2A4A9F29B02}.Debug|Any CPU.ActiveCfg = Debug|Any CPU
		{005314CE-7AE5-422D-A90C-E2A4A9F29B02}.Debug|Any CPU.Build.0 = Debug|Any CPU
		{005314CE-7AE5-422D-A90C-E2A4A9F29B02}.Release|Any CPU.ActiveCfg = Release|Any CPU
		{005314CE-7AE5-422D-A90C-E2A4A9F29B02}.Release|Any CPU.Build.0 = Release|Any CPU
		{22B5AF7D-F6EC-47E1-8255-E17381AEF6F9}.Debug|Any CPU.ActiveCfg = Debug|Any CPU
		{22B5AF7D-F6EC-47E1-8255-E17381AEF6F9}.Debug|Any CPU.Build.0 = Debug|Any CPU
		{22B5AF7D-F6EC-47E1-8255-E17381AEF6F9}.Release|Any CPU.ActiveCfg = Release|Any CPU
		{22B5AF7D-F6EC-47E1-8255-E17381AEF6F9}.Release|Any CPU.Build.0 = Release|Any CPU
		{81865144-6255-4828-B920-C494990E1380}.Debug|Any CPU.ActiveCfg = Debug|Any CPU
		{81865144-6255-4828-B920-C494990E1380}.Debug|Any CPU.Build.0 = Debug|Any CPU
		{81865144-6255-4828-B920-C494990E1380}.Release|Any CPU.ActiveCfg = Release|Any CPU
		{81865144-6255-4828-B920-C494990E1380}.Release|Any CPU.Build.0 = Release|Any CPU
		{D03CF004-F9F0-4EA4-9DF8-7C5F0F5EEE85}.Debug|Any CPU.ActiveCfg = Debug|Any CPU
		{D03CF004-F9F0-4EA4-9DF8-7C5F0F5EEE85}.Debug|Any CPU.Build.0 = Debug|Any CPU
		{D03CF004-F9F0-4EA4-9DF8-7C5F0F5EEE85}.Release|Any CPU.ActiveCfg = Release|Any CPU
		{D03CF004-F9F0-4EA4-9DF8-7C5F0F5EEE85}.Release|Any CPU.Build.0 = Release|Any CPU
		{E14C64C4-1972-49B4-AEF6-1B826B7E0E1C}.Debug|Any CPU.ActiveCfg = Debug|Any CPU
		{E14C64C4-1972-49B4-AEF6-1B826B7E0E1C}.Debug|Any CPU.Build.0 = Debug|Any CPU
		{E14C64C4-1972-49B4-AEF6-1B826B7E0E1C}.Release|Any CPU.ActiveCfg = Release|Any CPU
		{E14C64C4-1972-49B4-AEF6-1B826B7E0E1C}.Release|Any CPU.Build.0 = Release|Any CPU
		{7C31A913-87D2-4A03-A6B4-B6578882DDA1}.Debug|Any CPU.ActiveCfg = Debug|Any CPU
		{7C31A913-87D2-4A03-A6B4-B6578882DDA1}.Debug|Any CPU.Build.0 = Debug|Any CPU
		{7C31A913-87D2-4A03-A6B4-B6578882DDA1}.Release|Any CPU.ActiveCfg = Release|Any CPU
		{7C31A913-87D2-4A03-A6B4-B6578882DDA1}.Release|Any CPU.Build.0 = Release|Any CPU
		{767884F2-2324-4E58-BD44-210B6D339AC8}.Debug|Any CPU.ActiveCfg = Debug|Any CPU
		{767884F2-2324-4E58-BD44-210B6D339AC8}.Debug|Any CPU.Build.0 = Debug|Any CPU
		{767884F2-2324-4E58-BD44-210B6D339AC8}.Release|Any CPU.ActiveCfg = Release|Any CPU
		{767884F2-2324-4E58-BD44-210B6D339AC8}.Release|Any CPU.Build.0 = Release|Any CPU
		{E881ACB1-F271-4CD8-B01D-4378E256CD6C}.Debug|Any CPU.ActiveCfg = Debug|Any CPU
		{E881ACB1-F271-4CD8-B01D-4378E256CD6C}.Debug|Any CPU.Build.0 = Debug|Any CPU
		{E881ACB1-F271-4CD8-B01D-4378E256CD6C}.Release|Any CPU.ActiveCfg = Release|Any CPU
		{E881ACB1-F271-4CD8-B01D-4378E256CD6C}.Release|Any CPU.Build.0 = Release|Any CPU
		{76F474F0-ABF9-45ED-B4DA-52411E5B7D2B}.Debug|Any CPU.ActiveCfg = Debug|Any CPU
		{76F474F0-ABF9-45ED-B4DA-52411E5B7D2B}.Debug|Any CPU.Build.0 = Debug|Any CPU
		{76F474F0-ABF9-45ED-B4DA-52411E5B7D2B}.Release|Any CPU.ActiveCfg = Release|Any CPU
		{76F474F0-ABF9-45ED-B4DA-52411E5B7D2B}.Release|Any CPU.Build.0 = Release|Any CPU
		{A790A9C0-9557-4B01-80C4-3B8127E96C85}.Debug|Any CPU.ActiveCfg = Debug|Any CPU
		{A790A9C0-9557-4B01-80C4-3B8127E96C85}.Debug|Any CPU.Build.0 = Debug|Any CPU
		{A790A9C0-9557-4B01-80C4-3B8127E96C85}.Release|Any CPU.ActiveCfg = Release|Any CPU
		{A790A9C0-9557-4B01-80C4-3B8127E96C85}.Release|Any CPU.Build.0 = Release|Any CPU
		{248E00B3-D637-46A0-9A34-50C0B9B15E5E}.Debug|Any CPU.ActiveCfg = Debug|Any CPU
		{248E00B3-D637-46A0-9A34-50C0B9B15E5E}.Debug|Any CPU.Build.0 = Debug|Any CPU
		{248E00B3-D637-46A0-9A34-50C0B9B15E5E}.Release|Any CPU.ActiveCfg = Release|Any CPU
		{248E00B3-D637-46A0-9A34-50C0B9B15E5E}.Release|Any CPU.Build.0 = Release|Any CPU
		{9ACFD89D-1617-4BE5-99CB-0D29F14B1E6D}.Debug|Any CPU.ActiveCfg = Debug|Any CPU
		{9ACFD89D-1617-4BE5-99CB-0D29F14B1E6D}.Debug|Any CPU.Build.0 = Debug|Any CPU
		{9ACFD89D-1617-4BE5-99CB-0D29F14B1E6D}.Release|Any CPU.ActiveCfg = Release|Any CPU
		{9ACFD89D-1617-4BE5-99CB-0D29F14B1E6D}.Release|Any CPU.Build.0 = Release|Any CPU
		{41D6FB86-BB30-4BA0-B571-4FC5F7461BD3}.Debug|Any CPU.ActiveCfg = Debug|Any CPU
		{41D6FB86-BB30-4BA0-B571-4FC5F7461BD3}.Debug|Any CPU.Build.0 = Debug|Any CPU
		{41D6FB86-BB30-4BA0-B571-4FC5F7461BD3}.Release|Any CPU.ActiveCfg = Release|Any CPU
		{41D6FB86-BB30-4BA0-B571-4FC5F7461BD3}.Release|Any CPU.Build.0 = Release|Any CPU
		{0EF67E99-4BF5-40FA-A6D6-DAA6EC8DA8E7}.Debug|Any CPU.ActiveCfg = Debug|Any CPU
		{0EF67E99-4BF5-40FA-A6D6-DAA6EC8DA8E7}.Debug|Any CPU.Build.0 = Debug|Any CPU
		{0EF67E99-4BF5-40FA-A6D6-DAA6EC8DA8E7}.Release|Any CPU.ActiveCfg = Release|Any CPU
		{0EF67E99-4BF5-40FA-A6D6-DAA6EC8DA8E7}.Release|Any CPU.Build.0 = Release|Any CPU
		{9D3F8A61-7FA6-4D05-9FBB-7F2ECFA5669A}.Debug|Any CPU.ActiveCfg = Debug|Any CPU
		{9D3F8A61-7FA6-4D05-9FBB-7F2ECFA5669A}.Debug|Any CPU.Build.0 = Debug|Any CPU
		{9D3F8A61-7FA6-4D05-9FBB-7F2ECFA5669A}.Release|Any CPU.ActiveCfg = Release|Any CPU
		{9D3F8A61-7FA6-4D05-9FBB-7F2ECFA5669A}.Release|Any CPU.Build.0 = Release|Any CPU
		{E75D22ED-2FB4-440B-A343-F697A6D7324B}.Debug|Any CPU.ActiveCfg = Debug|Any CPU
		{E75D22ED-2FB4-440B-A343-F697A6D7324B}.Debug|Any CPU.Build.0 = Debug|Any CPU
		{E75D22ED-2FB4-440B-A343-F697A6D7324B}.Release|Any CPU.ActiveCfg = Release|Any CPU
		{E75D22ED-2FB4-440B-A343-F697A6D7324B}.Release|Any CPU.Build.0 = Release|Any CPU
		{7157262D-FECB-4802-BF55-9629A1D17EC2}.Debug|Any CPU.ActiveCfg = Debug|Any CPU
		{7157262D-FECB-4802-BF55-9629A1D17EC2}.Debug|Any CPU.Build.0 = Debug|Any CPU
		{7157262D-FECB-4802-BF55-9629A1D17EC2}.Release|Any CPU.ActiveCfg = Release|Any CPU
		{7157262D-FECB-4802-BF55-9629A1D17EC2}.Release|Any CPU.Build.0 = Release|Any CPU
		{ECDB0505-6712-485E-8983-A20E1EF99239}.Debug|Any CPU.ActiveCfg = Debug|Any CPU
		{ECDB0505-6712-485E-8983-A20E1EF99239}.Debug|Any CPU.Build.0 = Debug|Any CPU
		{ECDB0505-6712-485E-8983-A20E1EF99239}.Release|Any CPU.ActiveCfg = Release|Any CPU
		{ECDB0505-6712-485E-8983-A20E1EF99239}.Release|Any CPU.Build.0 = Release|Any CPU
		{FE6E23DC-151B-4D55-BAD5-B97C561ED973}.Debug|Any CPU.ActiveCfg = Debug|Any CPU
		{FE6E23DC-151B-4D55-BAD5-B97C561ED973}.Debug|Any CPU.Build.0 = Debug|Any CPU
		{FE6E23DC-151B-4D55-BAD5-B97C561ED973}.Release|Any CPU.ActiveCfg = Release|Any CPU
		{FE6E23DC-151B-4D55-BAD5-B97C561ED973}.Release|Any CPU.Build.0 = Release|Any CPU
		{2EF68AE3-819E-4FE4-8364-CD54375C2A9A}.Debug|Any CPU.ActiveCfg = Debug|Any CPU
		{2EF68AE3-819E-4FE4-8364-CD54375C2A9A}.Debug|Any CPU.Build.0 = Debug|Any CPU
		{2EF68AE3-819E-4FE4-8364-CD54375C2A9A}.Release|Any CPU.ActiveCfg = Release|Any CPU
		{2EF68AE3-819E-4FE4-8364-CD54375C2A9A}.Release|Any CPU.Build.0 = Release|Any CPU
	EndGlobalSection
	GlobalSection(NestedProjects) = preSolution
		{9DE86BB4-7D8E-4997-BDCE-C5E7E30968AF} = {6114F446-78E7-49DC-BA34-C9904FE7838B}
		{E7E66DCC-7D68-4900-B09D-DE06E89DA534} = {B442AF5F-B127-45EF-B835-714A187D3F0A}
		{0F36E2E3-EEFC-4C74-88DF-AA281238F768} = {B442AF5F-B127-45EF-B835-714A187D3F0A}
		{EA9ECA12-F038-4437-8D08-34A61DC2DE50} = {B442AF5F-B127-45EF-B835-714A187D3F0A}
		{88560531-4322-49A6-BE34-91D70CF8CE5C} = {B442AF5F-B127-45EF-B835-714A187D3F0A}
		{CD120717-6AF0-4A13-A62F-9B86F23DD408} = {E9167F5F-E45B-4ABD-ACCD-89E3514BB0AA}
		{7366E7E8-283D-4772-9807-BDC55917B9F3} = {E9167F5F-E45B-4ABD-ACCD-89E3514BB0AA}
		{6114F446-78E7-49DC-BA34-C9904FE7838B} = {109EBFC9-4414-4331-AD7B-5C19A87CBF8B}
		{B442AF5F-B127-45EF-B835-714A187D3F0A} = {109EBFC9-4414-4331-AD7B-5C19A87CBF8B}
		{E9167F5F-E45B-4ABD-ACCD-89E3514BB0AA} = {109EBFC9-4414-4331-AD7B-5C19A87CBF8B}
		{B064C8A6-79AB-4B7B-98A6-A5F15635ED8D} = {109EBFC9-4414-4331-AD7B-5C19A87CBF8B}
		{F98F4F5C-DDF2-4756-A5EA-715DE0D22402} = {2F88D996-6A05-4BE0-A064-F7748E584090}
		{C751FBCB-B7AE-4ECE-BEDE-4A6600EC77D0} = {2F88D996-6A05-4BE0-A064-F7748E584090}
		{E5526B10-65CB-4619-A5C3-4C29A86D76A9} = {E9167F5F-E45B-4ABD-ACCD-89E3514BB0AA}
		{9FF8E353-1ACC-407A-A9B8-55183261A8C8} = {E9167F5F-E45B-4ABD-ACCD-89E3514BB0AA}
		{85E951AA-5333-4181-B5B1-305050405BFE} = {E9167F5F-E45B-4ABD-ACCD-89E3514BB0AA}
		{E033439A-DE1C-46D1-A33B-FBFA71812901} = {E9167F5F-E45B-4ABD-ACCD-89E3514BB0AA}
		{D014CF07-21C0-4783-B8BE-A2153289215A} = {E9167F5F-E45B-4ABD-ACCD-89E3514BB0AA}
		{63F7927D-D6F2-43EF-9E41-1C70C6911434} = {E9167F5F-E45B-4ABD-ACCD-89E3514BB0AA}
		{5FBC2CAC-E39A-4899-9CC1-94EF0712BDAE} = {B442AF5F-B127-45EF-B835-714A187D3F0A}
		{AD0D919C-8499-46A7-869E-EEB6456C6BA9} = {5FBC2CAC-E39A-4899-9CC1-94EF0712BDAE}
		{4B8223B4-1F0C-444C-88CE-B181D8277ACE} = {5FBC2CAC-E39A-4899-9CC1-94EF0712BDAE}
		{44B45E96-A286-44DC-A2F7-0E213005BDBF} = {5FBC2CAC-E39A-4899-9CC1-94EF0712BDAE}
		{F453B007-94DB-4F0B-B598-93D50B077C8F} = {E9167F5F-E45B-4ABD-ACCD-89E3514BB0AA}
		{971A1F55-C6D6-456C-A19A-772182DCE97F} = {E9167F5F-E45B-4ABD-ACCD-89E3514BB0AA}
		{529DB367-5C6D-4103-B0B5-9D540E84F88B} = {E9167F5F-E45B-4ABD-ACCD-89E3514BB0AA}
		{077E8C19-C1A4-4073-9BE8-4EE3701B3504} = {E9167F5F-E45B-4ABD-ACCD-89E3514BB0AA}
		{CB589043-28B4-46FB-9BC3-3591D9FF8C6D} = {E9167F5F-E45B-4ABD-ACCD-89E3514BB0AA}
		{BFB7ABD8-A1AC-41A9-B40B-C2F9389ABAF0} = {109EBFC9-4414-4331-AD7B-5C19A87CBF8B}
		{B132FA8E-B99A-420A-919D-5DA77555517C} = {109EBFC9-4414-4331-AD7B-5C19A87CBF8B}
		{A1B88082-6C3F-4A8E-89E7-ABFD08A5A89E} = {109EBFC9-4414-4331-AD7B-5C19A87CBF8B}
		{F0906A93-243B-4BD0-A10F-FD6975F7DF10} = {BFB7ABD8-A1AC-41A9-B40B-C2F9389ABAF0}
		{BB564CD2-68E0-4479-8DB1-4BA49901F25E} = {A1B88082-6C3F-4A8E-89E7-ABFD08A5A89E}
		{005314CE-7AE5-422D-A90C-E2A4A9F29B02} = {B132FA8E-B99A-420A-919D-5DA77555517C}
		{22B5AF7D-F6EC-47E1-8255-E17381AEF6F9} = {E9167F5F-E45B-4ABD-ACCD-89E3514BB0AA}
		{81865144-6255-4828-B920-C494990E1380} = {E9167F5F-E45B-4ABD-ACCD-89E3514BB0AA}
		{D03CF004-F9F0-4EA4-9DF8-7C5F0F5EEE85} = {E9167F5F-E45B-4ABD-ACCD-89E3514BB0AA}
		{E14C64C4-1972-49B4-AEF6-1B826B7E0E1C} = {B442AF5F-B127-45EF-B835-714A187D3F0A}
		{7C31A913-87D2-4A03-A6B4-B6578882DDA1} = {E9167F5F-E45B-4ABD-ACCD-89E3514BB0AA}
		{767884F2-2324-4E58-BD44-210B6D339AC8} = {E9167F5F-E45B-4ABD-ACCD-89E3514BB0AA}
		{E31C0FA9-D27C-4FD7-87EA-2DD622F84FB0} = {06CB1825-10C4-4DF7-9C56-48CC517A1CCA}
		{E881ACB1-F271-4CD8-B01D-4378E256CD6C} = {E31C0FA9-D27C-4FD7-87EA-2DD622F84FB0}
		{77FDB1B2-4CDF-4787-AE38-5090B9101CE5} = {109EBFC9-4414-4331-AD7B-5C19A87CBF8B}
		{76F474F0-ABF9-45ED-B4DA-52411E5B7D2B} = {109EBFC9-4414-4331-AD7B-5C19A87CBF8B}
		{A790A9C0-9557-4B01-80C4-3B8127E96C85} = {77FDB1B2-4CDF-4787-AE38-5090B9101CE5}
		{248E00B3-D637-46A0-9A34-50C0B9B15E5E} = {77FDB1B2-4CDF-4787-AE38-5090B9101CE5}
		{9ACFD89D-1617-4BE5-99CB-0D29F14B1E6D} = {BFB7ABD8-A1AC-41A9-B40B-C2F9389ABAF0}
		{41D6FB86-BB30-4BA0-B571-4FC5F7461BD3} = {BFB7ABD8-A1AC-41A9-B40B-C2F9389ABAF0}
		{0EF67E99-4BF5-40FA-A6D6-DAA6EC8DA8E7} = {BFB7ABD8-A1AC-41A9-B40B-C2F9389ABAF0}
		{9D3F8A61-7FA6-4D05-9FBB-7F2ECFA5669A} = {B132FA8E-B99A-420A-919D-5DA77555517C}
		{E75D22ED-2FB4-440B-A343-F697A6D7324B} = {B132FA8E-B99A-420A-919D-5DA77555517C}
		{7157262D-FECB-4802-BF55-9629A1D17EC2} = {B132FA8E-B99A-420A-919D-5DA77555517C}
		{ECDB0505-6712-485E-8983-A20E1EF99239} = {A1B88082-6C3F-4A8E-89E7-ABFD08A5A89E}
		{FE6E23DC-151B-4D55-BAD5-B97C561ED973} = {A1B88082-6C3F-4A8E-89E7-ABFD08A5A89E}
		{2EF68AE3-819E-4FE4-8364-CD54375C2A9A} = {A1B88082-6C3F-4A8E-89E7-ABFD08A5A89E}
	EndGlobalSection
EndGlobal
