
Microsoft Visual Studio Solution File, Format Version 12.00
Project("{2150E333-8FDC-42A3-9474-1A3956D46DE8}") = "Sales", "Sales", "{B442AF5F-B127-45EF-B835-714A187D3F0A}"
EndProject
Project("{2150E333-8FDC-42A3-9474-1A3956D46DE8}") = "Contacts", "Contacts", "{6114F446-78E7-49DC-BA34-C9904FE7838B}"
EndProject
Project("{FAE04EC0-301F-11D3-BF4B-00C04F79EFBC}") = "Contacts", "Contacts\Contacts.Crud\Contacts.Crud.csproj", "{9DE86BB4-7D8E-4997-BDCE-C5E7E30968AF}"
EndProject
Project("{FAE04EC0-301F-11D3-BF4B-00C04F79EFBC}") = "Startup", "Startup\Startup.csproj", "{B064C8A6-79AB-4B7B-98A6-A5F15635ED8D}"
EndProject
Project("{2150E333-8FDC-42A3-9474-1A3956D46DE8}") = "Sources", "Sources", "{B0E71D23-6D2C-4D05-9BB5-94E1619B9285}"
EndProject
Project("{FAE04EC0-301F-11D3-BF4B-00C04F79EFBC}") = "Sales.Adapters.RestApi", "Sales\Sales.Adapters.RestApi\Sales.Adapters.RestApi.csproj", "{E7E66DCC-7D68-4900-B09D-DE06E89DA534}"
EndProject
Project("{FAE04EC0-301F-11D3-BF4B-00C04F79EFBC}") = "Sales.Adapters.Sql", "Sales\Sales.Adapters.Sql\Sales.Adapters.Sql.csproj", "{0F36E2E3-EEFC-4C74-88DF-AA281238F768}"
EndProject
Project("{FAE04EC0-301F-11D3-BF4B-00C04F79EFBC}") = "Sales.App", "Sales\Sales.App\Sales.App.csproj", "{EA9ECA12-F038-4437-8D08-34A61DC2DE50}"
EndProject
Project("{FAE04EC0-301F-11D3-BF4B-00C04F79EFBC}") = "Sales.Domain", "Sales\Sales.Domain\Sales.Domain.csproj", "{88560531-4322-49A6-BE34-91D70CF8CE5C}"
EndProject
Project("{2150E333-8FDC-42A3-9474-1A3956D46DE8}") = "TechnicalStuff", "TechnicalStuff", "{E9167F5F-E45B-4ABD-ACCD-89E3514BB0AA}"
EndProject
Project("{FAE04EC0-301F-11D3-BF4B-00C04F79EFBC}") = "TechnicalStuff", "TechnicalStuff\TechnicalStuff\TechnicalStuff.csproj", "{CD120717-6AF0-4A13-A62F-9B86F23DD408}"
EndProject
Global
	GlobalSection(SolutionConfigurationPlatforms) = preSolution
		Debug|Any CPU = Debug|Any CPU
		Release|Any CPU = Release|Any CPU
	EndGlobalSection
	GlobalSection(ProjectConfigurationPlatforms) = postSolution
		{9DE86BB4-7D8E-4997-BDCE-C5E7E30968AF}.Debug|Any CPU.ActiveCfg = Debug|Any CPU
		{9DE86BB4-7D8E-4997-BDCE-C5E7E30968AF}.Debug|Any CPU.Build.0 = Debug|Any CPU
		{9DE86BB4-7D8E-4997-BDCE-C5E7E30968AF}.Release|Any CPU.ActiveCfg = Release|Any CPU
		{9DE86BB4-7D8E-4997-BDCE-C5E7E30968AF}.Release|Any CPU.Build.0 = Release|Any CPU
		{B064C8A6-79AB-4B7B-98A6-A5F15635ED8D}.Debug|Any CPU.ActiveCfg = Debug|Any CPU
		{B064C8A6-79AB-4B7B-98A6-A5F15635ED8D}.Debug|Any CPU.Build.0 = Debug|Any CPU
		{B064C8A6-79AB-4B7B-98A6-A5F15635ED8D}.Release|Any CPU.ActiveCfg = Release|Any CPU
		{B064C8A6-79AB-4B7B-98A6-A5F15635ED8D}.Release|Any CPU.Build.0 = Release|Any CPU
		{E7E66DCC-7D68-4900-B09D-DE06E89DA534}.Debug|Any CPU.ActiveCfg = Debug|Any CPU
		{E7E66DCC-7D68-4900-B09D-DE06E89DA534}.Debug|Any CPU.Build.0 = Debug|Any CPU
		{E7E66DCC-7D68-4900-B09D-DE06E89DA534}.Release|Any CPU.ActiveCfg = Release|Any CPU
		{E7E66DCC-7D68-4900-B09D-DE06E89DA534}.Release|Any CPU.Build.0 = Release|Any CPU
		{0F36E2E3-EEFC-4C74-88DF-AA281238F768}.Debug|Any CPU.ActiveCfg = Debug|Any CPU
		{0F36E2E3-EEFC-4C74-88DF-AA281238F768}.Debug|Any CPU.Build.0 = Debug|Any CPU
		{0F36E2E3-EEFC-4C74-88DF-AA281238F768}.Release|Any CPU.ActiveCfg = Release|Any CPU
		{0F36E2E3-EEFC-4C74-88DF-AA281238F768}.Release|Any CPU.Build.0 = Release|Any CPU
		{EA9ECA12-F038-4437-8D08-34A61DC2DE50}.Debug|Any CPU.ActiveCfg = Debug|Any CPU
		{EA9ECA12-F038-4437-8D08-34A61DC2DE50}.Debug|Any CPU.Build.0 = Debug|Any CPU
		{EA9ECA12-F038-4437-8D08-34A61DC2DE50}.Release|Any CPU.ActiveCfg = Release|Any CPU
		{EA9ECA12-F038-4437-8D08-34A61DC2DE50}.Release|Any CPU.Build.0 = Release|Any CPU
		{88560531-4322-49A6-BE34-91D70CF8CE5C}.Debug|Any CPU.ActiveCfg = Debug|Any CPU
		{88560531-4322-49A6-BE34-91D70CF8CE5C}.Debug|Any CPU.Build.0 = Debug|Any CPU
		{88560531-4322-49A6-BE34-91D70CF8CE5C}.Release|Any CPU.ActiveCfg = Release|Any CPU
		{88560531-4322-49A6-BE34-91D70CF8CE5C}.Release|Any CPU.Build.0 = Release|Any CPU
		{CD120717-6AF0-4A13-A62F-9B86F23DD408}.Debug|Any CPU.ActiveCfg = Debug|Any CPU
		{CD120717-6AF0-4A13-A62F-9B86F23DD408}.Debug|Any CPU.Build.0 = Debug|Any CPU
		{CD120717-6AF0-4A13-A62F-9B86F23DD408}.Release|Any CPU.ActiveCfg = Release|Any CPU
		{CD120717-6AF0-4A13-A62F-9B86F23DD408}.Release|Any CPU.Build.0 = Release|Any CPU
	EndGlobalSection
	GlobalSection(NestedProjects) = preSolution
		{9DE86BB4-7D8E-4997-BDCE-C5E7E30968AF} = {6114F446-78E7-49DC-BA34-C9904FE7838B}
		{6114F446-78E7-49DC-BA34-C9904FE7838B} = {B0E71D23-6D2C-4D05-9BB5-94E1619B9285}
		{B442AF5F-B127-45EF-B835-714A187D3F0A} = {B0E71D23-6D2C-4D05-9BB5-94E1619B9285}
		{B064C8A6-79AB-4B7B-98A6-A5F15635ED8D} = {B0E71D23-6D2C-4D05-9BB5-94E1619B9285}
		{E7E66DCC-7D68-4900-B09D-DE06E89DA534} = {B442AF5F-B127-45EF-B835-714A187D3F0A}
		{0F36E2E3-EEFC-4C74-88DF-AA281238F768} = {B442AF5F-B127-45EF-B835-714A187D3F0A}
		{EA9ECA12-F038-4437-8D08-34A61DC2DE50} = {B442AF5F-B127-45EF-B835-714A187D3F0A}
		{88560531-4322-49A6-BE34-91D70CF8CE5C} = {B442AF5F-B127-45EF-B835-714A187D3F0A}
		{E9167F5F-E45B-4ABD-ACCD-89E3514BB0AA} = {B0E71D23-6D2C-4D05-9BB5-94E1619B9285}
		{CD120717-6AF0-4A13-A62F-9B86F23DD408} = {E9167F5F-E45B-4ABD-ACCD-89E3514BB0AA}
	EndGlobalSection
EndGlobal
