
Microsoft Visual Studio Solution File, Format Version 12.00
Project("{2150E333-8FDC-42A3-9474-1A3956D46DE8}") = "Sales", "Sales", "{B442AF5F-B127-45EF-B835-714A187D3F0A}"
EndProject
Project("{2150E333-8FDC-42A3-9474-1A3956D46DE8}") = "Contacts", "Contacts", "{6114F446-78E7-49DC-BA34-C9904FE7838B}"
EndProject
Project("{FAE04EC0-301F-11D3-BF4B-00C04F79EFBC}") = "Contacts", "Sources\Contacts\Contacts.Crud\Contacts.Crud.csproj", "{9DE86BB4-7D8E-4997-BDCE-C5E7E30968AF}"
EndProject
Project("{FAE04EC0-301F-11D3-BF4B-00C04F79EFBC}") = "Startup", "Sources\Startup\Startup.csproj", "{B064C8A6-79AB-4B7B-98A6-A5F15635ED8D}"
EndProject
Project("{FAE04EC0-301F-11D3-BF4B-00C04F79EFBC}") = "Sales.Adapters.RestApi", "Sources\Sales\Sales.Adapters.RestApi\Sales.Adapters.RestApi.csproj", "{E7E66DCC-7D68-4900-B09D-DE06E89DA534}"
EndProject
Project("{FAE04EC0-301F-11D3-BF4B-00C04F79EFBC}") = "Sales.Adapters.Sql", "Sources\Sales\Sales.Adapters.Sql\Sales.Adapters.Sql.csproj", "{0F36E2E3-EEFC-4C74-88DF-AA281238F768}"
EndProject
Project("{FAE04EC0-301F-11D3-BF4B-00C04F79EFBC}") = "Sales.UseCases", "Sources\Sales\Sales.UseCases\Sales.UseCases.csproj", "{EA9ECA12-F038-4437-8D08-34A61DC2DE50}"
EndProject
Project("{FAE04EC0-301F-11D3-BF4B-00C04F79EFBC}") = "Sales.Domain", "Sources\Sales\Sales.Domain\Sales.Domain.csproj", "{88560531-4322-49A6-BE34-91D70CF8CE5C}"
EndProject
Project("{2150E333-8FDC-42A3-9474-1A3956D46DE8}") = "TechnicalStuff", "TechnicalStuff", "{E9167F5F-E45B-4ABD-ACCD-89E3514BB0AA}"
EndProject
Project("{FAE04EC0-301F-11D3-BF4B-00C04F79EFBC}") = "TechnicalStuff", "Sources\TechnicalStuff\TechnicalStuff\TechnicalStuff.csproj", "{CD120717-6AF0-4A13-A62F-9B86F23DD408}"
EndProject
Project("{FAE04EC0-301F-11D3-BF4B-00C04F79EFBC}") = "Sales.UseCases.Contracts", "Sources\Sales\Sales.UseCases.Contracts\Sales.UseCases.Contracts.csproj", "{FC20F68C-69A8-4DDA-8C67-33A41FEEFB20}"
EndProject
Project("{FAE04EC0-301F-11D3-BF4B-00C04F79EFBC}") = "Sales.Domain.Tests", "Sources\Sales\Sales.Domain.Tests\Sales.Domain.Tests.csproj", "{AD0D919C-8499-46A7-869E-EEB6456C6BA9}"
EndProject
Project("{FAE04EC0-301F-11D3-BF4B-00C04F79EFBC}") = "Sales.Crud", "Sources\Sales\Sales.Crud\Sales.Crud.csproj", "{570D4428-2C17-40E3-B257-2587200D76AB}"
EndProject
Project("{FAE04EC0-301F-11D3-BF4B-00C04F79EFBC}") = "Sales.UseCases.Tests", "Sources\Sales\Sales.UseCases.Tests\Sales.UseCases.Tests.csproj", "{44B45E96-A286-44DC-A2F7-0E213005BDBF}"
EndProject
Project("{FAE04EC0-301F-11D3-BF4B-00C04F79EFBC}") = "TechnicalStuff.Crud", "Sources\TechnicalStuff\TechnicalStuff.Crud\TechnicalStuff.Crud.csproj", "{7366E7E8-283D-4772-9807-BDC55917B9F3}"
EndProject
Project("{FAE04EC0-301F-11D3-BF4B-00C04F79EFBC}") = "Contacts.Database", "Sources\Contacts\Contacts.Database\Contacts.Database.csproj", "{73A9A9E8-3716-4C51-80CD-E3112FF25DC1}"
EndProject
Project("{FAE04EC0-301F-11D3-BF4B-00C04F79EFBC}") = "Sales.Database", "Sources\Sales\Sales.Database\Sales.Database.csproj", "{C017A224-5BC9-41D6-9707-6F0D751D5E59}"
EndProject
Project("{2150E333-8FDC-42A3-9474-1A3956D46DE8}") = "Sources", "Sources", "{109EBFC9-4414-4331-AD7B-5C19A87CBF8B}"
EndProject
Project("{2150E333-8FDC-42A3-9474-1A3956D46DE8}") = "Build", "Build", "{2F88D996-6A05-4BE0-A064-F7748E584090}"
EndProject
Project("{9A19103F-16F7-4668-BE54-9A1E7A4F7556}") = "Nuke", "Build\Nuke\Nuke.csproj", "{F98F4F5C-DDF2-4756-A5EA-715DE0D22402}"
EndProject
Project("{FAE04EC0-301F-11D3-BF4B-00C04F79EFBC}") = "Nuke.DockerCompose", "Build\Nuke.DockerCompose\Nuke.DockerCompose.csproj", "{C751FBCB-B7AE-4ECE-BEDE-4A6600EC77D0}"
EndProject
Project("{FAE04EC0-301F-11D3-BF4B-00C04F79EFBC}") = "Sales.IntegrationTests", "Sources\Sales\Sales.IntegrationTests\Sales.IntegrationTests.csproj", "{4B8223B4-1F0C-444C-88CE-B181D8277ACE}"
EndProject
Project("{FAE04EC0-301F-11D3-BF4B-00C04F79EFBC}") = "TechnicalStuff.Marten", "Sources\TechnicalStuff\TechnicalStuff.Marten\TechnicalStuff.Marten.csproj", "{E5526B10-65CB-4619-A5C3-4C29A86D76A9}"
EndProject
Project("{FAE04EC0-301F-11D3-BF4B-00C04F79EFBC}") = "TechnicalStuff.UseCases", "Sources\TechnicalStuff\TechnicalStuff.UseCases\TechnicalStuff.UseCases.csproj", "{9FF8E353-1ACC-407A-A9B8-55183261A8C8}"
EndProject
Project("{FAE04EC0-301F-11D3-BF4B-00C04F79EFBC}") = "TechnicalStuff.UseCases.Contracts", "Sources\TechnicalStuff\TechnicalStuff.UseCases.Contracts\TechnicalStuff.UseCases.Contracts.csproj", "{85E951AA-5333-4181-B5B1-305050405BFE}"
EndProject
Global
	GlobalSection(SolutionConfigurationPlatforms) = preSolution
		Debug|Any CPU = Debug|Any CPU
		Release|Any CPU = Release|Any CPU
	EndGlobalSection
	GlobalSection(ProjectConfigurationPlatforms) = postSolution
		{F98F4F5C-DDF2-4756-A5EA-715DE0D22402}.Debug|Any CPU.ActiveCfg = Debug|Any CPU
		{F98F4F5C-DDF2-4756-A5EA-715DE0D22402}.Release|Any CPU.ActiveCfg = Release|Any CPU
		{F98F4F5C-DDF2-4756-A5EA-715DE0D22402}.Debug|Any CPU.Build.0 = Debug|Any CPU
		{9DE86BB4-7D8E-4997-BDCE-C5E7E30968AF}.Debug|Any CPU.ActiveCfg = Debug|Any CPU
		{9DE86BB4-7D8E-4997-BDCE-C5E7E30968AF}.Debug|Any CPU.Build.0 = Debug|Any CPU
		{9DE86BB4-7D8E-4997-BDCE-C5E7E30968AF}.Release|Any CPU.ActiveCfg = Release|Any CPU
		{9DE86BB4-7D8E-4997-BDCE-C5E7E30968AF}.Release|Any CPU.Build.0 = Release|Any CPU
		{B064C8A6-79AB-4B7B-98A6-A5F15635ED8D}.Debug|Any CPU.ActiveCfg = Debug|Any CPU
		{B064C8A6-79AB-4B7B-98A6-A5F15635ED8D}.Debug|Any CPU.Build.0 = Debug|Any CPU
		{B064C8A6-79AB-4B7B-98A6-A5F15635ED8D}.Release|Any CPU.ActiveCfg = Release|Any CPU
		{B064C8A6-79AB-4B7B-98A6-A5F15635ED8D}.Release|Any CPU.Build.0 = Release|Any CPU
		{E7E66DCC-7D68-4900-B09D-DE06E89DA534}.Debug|Any CPU.ActiveCfg = Debug|Any CPU
		{E7E66DCC-7D68-4900-B09D-DE06E89DA534}.Debug|Any CPU.Build.0 = Debug|Any CPU
		{E7E66DCC-7D68-4900-B09D-DE06E89DA534}.Release|Any CPU.ActiveCfg = Release|Any CPU
		{E7E66DCC-7D68-4900-B09D-DE06E89DA534}.Release|Any CPU.Build.0 = Release|Any CPU
		{0F36E2E3-EEFC-4C74-88DF-AA281238F768}.Debug|Any CPU.ActiveCfg = Debug|Any CPU
		{0F36E2E3-EEFC-4C74-88DF-AA281238F768}.Debug|Any CPU.Build.0 = Debug|Any CPU
		{0F36E2E3-EEFC-4C74-88DF-AA281238F768}.Release|Any CPU.ActiveCfg = Release|Any CPU
		{0F36E2E3-EEFC-4C74-88DF-AA281238F768}.Release|Any CPU.Build.0 = Release|Any CPU
		{EA9ECA12-F038-4437-8D08-34A61DC2DE50}.Debug|Any CPU.ActiveCfg = Debug|Any CPU
		{EA9ECA12-F038-4437-8D08-34A61DC2DE50}.Debug|Any CPU.Build.0 = Debug|Any CPU
		{EA9ECA12-F038-4437-8D08-34A61DC2DE50}.Release|Any CPU.ActiveCfg = Release|Any CPU
		{EA9ECA12-F038-4437-8D08-34A61DC2DE50}.Release|Any CPU.Build.0 = Release|Any CPU
		{88560531-4322-49A6-BE34-91D70CF8CE5C}.Debug|Any CPU.ActiveCfg = Debug|Any CPU
		{88560531-4322-49A6-BE34-91D70CF8CE5C}.Debug|Any CPU.Build.0 = Debug|Any CPU
		{88560531-4322-49A6-BE34-91D70CF8CE5C}.Release|Any CPU.ActiveCfg = Release|Any CPU
		{88560531-4322-49A6-BE34-91D70CF8CE5C}.Release|Any CPU.Build.0 = Release|Any CPU
		{CD120717-6AF0-4A13-A62F-9B86F23DD408}.Debug|Any CPU.ActiveCfg = Debug|Any CPU
		{CD120717-6AF0-4A13-A62F-9B86F23DD408}.Debug|Any CPU.Build.0 = Debug|Any CPU
		{CD120717-6AF0-4A13-A62F-9B86F23DD408}.Release|Any CPU.ActiveCfg = Release|Any CPU
		{CD120717-6AF0-4A13-A62F-9B86F23DD408}.Release|Any CPU.Build.0 = Release|Any CPU
		{FC20F68C-69A8-4DDA-8C67-33A41FEEFB20}.Debug|Any CPU.ActiveCfg = Debug|Any CPU
		{FC20F68C-69A8-4DDA-8C67-33A41FEEFB20}.Debug|Any CPU.Build.0 = Debug|Any CPU
		{FC20F68C-69A8-4DDA-8C67-33A41FEEFB20}.Release|Any CPU.ActiveCfg = Release|Any CPU
		{FC20F68C-69A8-4DDA-8C67-33A41FEEFB20}.Release|Any CPU.Build.0 = Release|Any CPU
		{AD0D919C-8499-46A7-869E-EEB6456C6BA9}.Debug|Any CPU.ActiveCfg = Debug|Any CPU
		{AD0D919C-8499-46A7-869E-EEB6456C6BA9}.Debug|Any CPU.Build.0 = Debug|Any CPU
		{AD0D919C-8499-46A7-869E-EEB6456C6BA9}.Release|Any CPU.ActiveCfg = Release|Any CPU
		{AD0D919C-8499-46A7-869E-EEB6456C6BA9}.Release|Any CPU.Build.0 = Release|Any CPU
		{570D4428-2C17-40E3-B257-2587200D76AB}.Debug|Any CPU.ActiveCfg = Debug|Any CPU
		{570D4428-2C17-40E3-B257-2587200D76AB}.Debug|Any CPU.Build.0 = Debug|Any CPU
		{570D4428-2C17-40E3-B257-2587200D76AB}.Release|Any CPU.ActiveCfg = Release|Any CPU
		{570D4428-2C17-40E3-B257-2587200D76AB}.Release|Any CPU.Build.0 = Release|Any CPU
		{44B45E96-A286-44DC-A2F7-0E213005BDBF}.Debug|Any CPU.ActiveCfg = Debug|Any CPU
		{44B45E96-A286-44DC-A2F7-0E213005BDBF}.Debug|Any CPU.Build.0 = Debug|Any CPU
		{44B45E96-A286-44DC-A2F7-0E213005BDBF}.Release|Any CPU.ActiveCfg = Release|Any CPU
		{44B45E96-A286-44DC-A2F7-0E213005BDBF}.Release|Any CPU.Build.0 = Release|Any CPU
		{7366E7E8-283D-4772-9807-BDC55917B9F3}.Debug|Any CPU.ActiveCfg = Debug|Any CPU
		{7366E7E8-283D-4772-9807-BDC55917B9F3}.Debug|Any CPU.Build.0 = Debug|Any CPU
		{7366E7E8-283D-4772-9807-BDC55917B9F3}.Release|Any CPU.ActiveCfg = Release|Any CPU
		{7366E7E8-283D-4772-9807-BDC55917B9F3}.Release|Any CPU.Build.0 = Release|Any CPU
		{73A9A9E8-3716-4C51-80CD-E3112FF25DC1}.Debug|Any CPU.ActiveCfg = Debug|Any CPU
		{73A9A9E8-3716-4C51-80CD-E3112FF25DC1}.Debug|Any CPU.Build.0 = Debug|Any CPU
		{73A9A9E8-3716-4C51-80CD-E3112FF25DC1}.Release|Any CPU.ActiveCfg = Release|Any CPU
		{73A9A9E8-3716-4C51-80CD-E3112FF25DC1}.Release|Any CPU.Build.0 = Release|Any CPU
		{C017A224-5BC9-41D6-9707-6F0D751D5E59}.Debug|Any CPU.ActiveCfg = Debug|Any CPU
		{C017A224-5BC9-41D6-9707-6F0D751D5E59}.Debug|Any CPU.Build.0 = Debug|Any CPU
		{C017A224-5BC9-41D6-9707-6F0D751D5E59}.Release|Any CPU.ActiveCfg = Release|Any CPU
		{C017A224-5BC9-41D6-9707-6F0D751D5E59}.Release|Any CPU.Build.0 = Release|Any CPU
		{C751FBCB-B7AE-4ECE-BEDE-4A6600EC77D0}.Debug|Any CPU.ActiveCfg = Debug|Any CPU
		{C751FBCB-B7AE-4ECE-BEDE-4A6600EC77D0}.Debug|Any CPU.Build.0 = Debug|Any CPU
		{C751FBCB-B7AE-4ECE-BEDE-4A6600EC77D0}.Release|Any CPU.ActiveCfg = Release|Any CPU
		{C751FBCB-B7AE-4ECE-BEDE-4A6600EC77D0}.Release|Any CPU.Build.0 = Release|Any CPU
		{4B8223B4-1F0C-444C-88CE-B181D8277ACE}.Debug|Any CPU.ActiveCfg = Debug|Any CPU
		{4B8223B4-1F0C-444C-88CE-B181D8277ACE}.Debug|Any CPU.Build.0 = Debug|Any CPU
		{4B8223B4-1F0C-444C-88CE-B181D8277ACE}.Release|Any CPU.ActiveCfg = Release|Any CPU
		{4B8223B4-1F0C-444C-88CE-B181D8277ACE}.Release|Any CPU.Build.0 = Release|Any CPU
		{E5526B10-65CB-4619-A5C3-4C29A86D76A9}.Debug|Any CPU.ActiveCfg = Debug|Any CPU
		{E5526B10-65CB-4619-A5C3-4C29A86D76A9}.Debug|Any CPU.Build.0 = Debug|Any CPU
		{E5526B10-65CB-4619-A5C3-4C29A86D76A9}.Release|Any CPU.ActiveCfg = Release|Any CPU
		{E5526B10-65CB-4619-A5C3-4C29A86D76A9}.Release|Any CPU.Build.0 = Release|Any CPU
		{9FF8E353-1ACC-407A-A9B8-55183261A8C8}.Debug|Any CPU.ActiveCfg = Debug|Any CPU
		{9FF8E353-1ACC-407A-A9B8-55183261A8C8}.Debug|Any CPU.Build.0 = Debug|Any CPU
		{9FF8E353-1ACC-407A-A9B8-55183261A8C8}.Release|Any CPU.ActiveCfg = Release|Any CPU
		{9FF8E353-1ACC-407A-A9B8-55183261A8C8}.Release|Any CPU.Build.0 = Release|Any CPU
		{85E951AA-5333-4181-B5B1-305050405BFE}.Debug|Any CPU.ActiveCfg = Debug|Any CPU
		{85E951AA-5333-4181-B5B1-305050405BFE}.Debug|Any CPU.Build.0 = Debug|Any CPU
		{85E951AA-5333-4181-B5B1-305050405BFE}.Release|Any CPU.ActiveCfg = Release|Any CPU
		{85E951AA-5333-4181-B5B1-305050405BFE}.Release|Any CPU.Build.0 = Release|Any CPU
	EndGlobalSection
	GlobalSection(NestedProjects) = preSolution
		{9DE86BB4-7D8E-4997-BDCE-C5E7E30968AF} = {6114F446-78E7-49DC-BA34-C9904FE7838B}
		{E7E66DCC-7D68-4900-B09D-DE06E89DA534} = {B442AF5F-B127-45EF-B835-714A187D3F0A}
		{0F36E2E3-EEFC-4C74-88DF-AA281238F768} = {B442AF5F-B127-45EF-B835-714A187D3F0A}
		{EA9ECA12-F038-4437-8D08-34A61DC2DE50} = {B442AF5F-B127-45EF-B835-714A187D3F0A}
		{88560531-4322-49A6-BE34-91D70CF8CE5C} = {B442AF5F-B127-45EF-B835-714A187D3F0A}
		{CD120717-6AF0-4A13-A62F-9B86F23DD408} = {E9167F5F-E45B-4ABD-ACCD-89E3514BB0AA}
		{FC20F68C-69A8-4DDA-8C67-33A41FEEFB20} = {B442AF5F-B127-45EF-B835-714A187D3F0A}
		{AD0D919C-8499-46A7-869E-EEB6456C6BA9} = {B442AF5F-B127-45EF-B835-714A187D3F0A}
		{570D4428-2C17-40E3-B257-2587200D76AB} = {B442AF5F-B127-45EF-B835-714A187D3F0A}
		{44B45E96-A286-44DC-A2F7-0E213005BDBF} = {B442AF5F-B127-45EF-B835-714A187D3F0A}
		{7366E7E8-283D-4772-9807-BDC55917B9F3} = {E9167F5F-E45B-4ABD-ACCD-89E3514BB0AA}
		{73A9A9E8-3716-4C51-80CD-E3112FF25DC1} = {6114F446-78E7-49DC-BA34-C9904FE7838B}
		{C017A224-5BC9-41D6-9707-6F0D751D5E59} = {B442AF5F-B127-45EF-B835-714A187D3F0A}
		{6114F446-78E7-49DC-BA34-C9904FE7838B} = {109EBFC9-4414-4331-AD7B-5C19A87CBF8B}
		{B442AF5F-B127-45EF-B835-714A187D3F0A} = {109EBFC9-4414-4331-AD7B-5C19A87CBF8B}
		{E9167F5F-E45B-4ABD-ACCD-89E3514BB0AA} = {109EBFC9-4414-4331-AD7B-5C19A87CBF8B}
		{B064C8A6-79AB-4B7B-98A6-A5F15635ED8D} = {109EBFC9-4414-4331-AD7B-5C19A87CBF8B}
		{F98F4F5C-DDF2-4756-A5EA-715DE0D22402} = {2F88D996-6A05-4BE0-A064-F7748E584090}
		{C751FBCB-B7AE-4ECE-BEDE-4A6600EC77D0} = {2F88D996-6A05-4BE0-A064-F7748E584090}
		{4B8223B4-1F0C-444C-88CE-B181D8277ACE} = {B442AF5F-B127-45EF-B835-714A187D3F0A}
		{E5526B10-65CB-4619-A5C3-4C29A86D76A9} = {E9167F5F-E45B-4ABD-ACCD-89E3514BB0AA}
		{9FF8E353-1ACC-407A-A9B8-55183261A8C8} = {E9167F5F-E45B-4ABD-ACCD-89E3514BB0AA}
		{85E951AA-5333-4181-B5B1-305050405BFE} = {E9167F5F-E45B-4ABD-ACCD-89E3514BB0AA}
	EndGlobalSection
EndGlobal
